<?xml version="1.0" encoding="utf-8"?>
<Project ToolsVersion="4.0" xmlns="http://schemas.microsoft.com/developer/msbuild/2003">
  <ItemGroup>
    <Filter Include="Source Files">
      <UniqueIdentifier>{4FC737F1-C7A5-4376-A066-2A32D752A2FF}</UniqueIdentifier>
      <Extensions>cpp;c;cc;cxx;def;odl;idl;hpj;bat;asm;asmx</Extensions>
    </Filter>
    <Filter Include="Header Files">
      <UniqueIdentifier>{93995380-89BD-4b04-88EB-625FBE52EBFB}</UniqueIdentifier>
      <Extensions>h;hh;hpp;hxx;hm;inl;inc;xsd</Extensions>
    </Filter>
    <Filter Include="Resource Files">
      <UniqueIdentifier>{D9D6E242-F8AF-46E4-B9FD-80ECBC20BA3E}</UniqueIdentifier>
      <Extensions>qrc;*</Extensions>
      <ParseFiles>false</ParseFiles>
    </Filter>
    <Filter Include="Form Files">
      <UniqueIdentifier>{99349809-55BA-4b9d-BF79-8FDBB0286EB3}</UniqueIdentifier>
      <Extensions>ui</Extensions>
    </Filter>
    <Filter Include="Resource Files">
      <UniqueIdentifier>{D9D6E242-F8AF-46E4-B9FD-80ECBC20BA3E}</UniqueIdentifier>
      <Extensions>qrc;*</Extensions>
      <ParseFiles>false</ParseFiles>
    </Filter>
    <Filter Include="Generated Files">
      <UniqueIdentifier>{71ED8ED8-ACB9-4CE9-BBE1-E00B30144E11}</UniqueIdentifier>
      <Extensions>moc;h;cpp</Extensions>
      <SourceControlFiles>False</SourceControlFiles>
    </Filter>
  </ItemGroup>
  <ItemGroup>
    <ClCompile Include="GeneratedFiles\qrc_pieces.cpp">
      <Filter>Generated Files</Filter>
    </ClCompile>
    <ClCompile Include="..\..\..\..\..\..\..\..\Frank%27s Laptop\Desktop\Programming\School\CS405-Intro-to-AI\CS405Checkers\Checkers\Checkers\Board.cpp">
      <Filter>Source Files</Filter>
    </ClCompile>
    <ClCompile Include="..\..\..\..\..\..\..\..\Frank%27s Laptop\Desktop\Programming\School\CS405-Intro-to-AI\CS405Checkers\Checkers\Checkers\BoardDisplay.cpp">
      <Filter>Source Files</Filter>
    </ClCompile>
    <ClCompile Include="..\..\..\..\..\..\..\..\Frank%27s Laptop\Desktop\Programming\School\CS405-Intro-to-AI\CS405Checkers\Checkers\Checkers\Game.cpp">
      <Filter>Source Files</Filter>
    </ClCompile>
    <ClCompile Include="..\..\..\..\..\..\..\..\Frank%27s Laptop\Desktop\Programming\School\CS405-Intro-to-AI\CS405Checkers\Checkers\Checkers\GameManager.cpp">
      <Filter>Source Files</Filter>
    </ClCompile>
    <ClCompile Include="..\..\..\..\..\..\..\..\Frank%27s Laptop\Desktop\Programming\School\CS405-Intro-to-AI\CS405Checkers\Checkers\Checkers\JumpMovement.cpp">
      <Filter>Source Files</Filter>
    </ClCompile>
    <ClCompile Include="..\..\..\..\..\..\..\..\Frank%27s Laptop\Desktop\Programming\School\CS405-Intro-to-AI\CS405Checkers\Checkers\Checkers\main.cpp">
      <Filter>Source Files</Filter>
    </ClCompile>
    <ClCompile Include="..\..\..\..\..\..\..\..\Frank%27s Laptop\Desktop\Programming\School\CS405-Intro-to-AI\CS405Checkers\Checkers\Checkers\MovementGenerator.cpp">
      <Filter>Source Files</Filter>
    </ClCompile>
    <ClCompile Include="..\..\..\..\..\..\..\..\Frank%27s Laptop\Desktop\Programming\School\CS405-Intro-to-AI\CS405Checkers\Checkers\Checkers\Player.cpp">
      <Filter>Source Files</Filter>
    </ClCompile>
    <ClCompile Include="..\..\..\..\..\..\..\..\Frank%27s Laptop\Desktop\Programming\School\CS405-Intro-to-AI\CS405Checkers\Checkers\Checkers\RegularMovement.cpp">
      <Filter>Source Files</Filter>
    </ClCompile>
    <ClCompile Include="..\..\..\..\..\..\..\..\Frank%27s Laptop\Desktop\Programming\School\CS405-Intro-to-AI\CS405Checkers\Checkers\Checkers\Tile.cpp">
      <Filter>Source Files</Filter>
    </ClCompile>
    <ClCompile Include="GeneratedFiles\Debug\moc_BoardDisplay.cpp">
      <Filter>Generated Files</Filter>
    </ClCompile>
    <ClCompile Include="GeneratedFiles\Release\moc_BoardDisplay.cpp">
      <Filter>Generated Files</Filter>
    </ClCompile>
    <ClCompile Include="RedMovementList.cpp">
      <Filter>Source Files</Filter>
    </ClCompile>
    <ClCompile Include="..\..\..\..\..\..\..\..\Frank%27s Laptop\Desktop\Programming\School\CS405-Intro-to-AI\CS405Checkers\Checkers\Checkers\MovementList.cpp">
      <Filter>Source Files</Filter>
    </ClCompile>
    <ClCompile Include="BlackMovementList.cpp">
      <Filter>Source Files</Filter>
    </ClCompile>
    <ClCompile Include="KingMovementList.cpp">
      <Filter>Source Files</Filter>
    </ClCompile>
  </ItemGroup>
  <ItemGroup>
    <CustomBuild Include="Checkers.ui">
      <Filter>Form Files</Filter>
    </CustomBuild>
    <CustomBuild Include="pieces.qrc">
      <Filter>Resource Files</Filter>
    </CustomBuild>
    <CustomBuild Include="..\..\..\..\..\..\..\..\Frank%27s Laptop\Desktop\Programming\School\CS405-Intro-to-AI\CS405Checkers\Checkers\Checkers\BoardDisplay.h">
      <Filter>Header Files</Filter>
    </CustomBuild>
  </ItemGroup>
  <ItemGroup>
    <ClInclude Include="GeneratedFiles\ui_Checkers.h">
      <Filter>Generated Files</Filter>
    </ClInclude>
    <ClInclude Include="..\..\..\..\..\..\..\..\Frank%27s Laptop\Desktop\Programming\School\CS405-Intro-to-AI\CS405Checkers\Checkers\Checkers\Game.hpp">
      <Filter>Header Files</Filter>
    </ClInclude>
    <ClInclude Include="..\..\..\..\..\..\..\..\Frank%27s Laptop\Desktop\Programming\School\CS405-Intro-to-AI\CS405Checkers\Checkers\Checkers\JumpMovement.hpp">
      <Filter>Header Files</Filter>
    </ClInclude>
    <ClInclude Include="..\..\..\..\..\..\..\..\Frank%27s Laptop\Desktop\Programming\School\CS405-Intro-to-AI\CS405Checkers\Checkers\Checkers\Movement.hpp">
      <Filter>Header Files</Filter>
    </ClInclude>
    <ClInclude Include="..\..\..\..\..\..\..\..\Frank%27s Laptop\Desktop\Programming\School\CS405-Intro-to-AI\CS405Checkers\Checkers\Checkers\MovementGenerator.hpp">
      <Filter>Header Files</Filter>
    </ClInclude>
    <ClInclude Include="..\..\..\..\..\..\..\..\Frank%27s Laptop\Desktop\Programming\School\CS405-Intro-to-AI\CS405Checkers\Checkers\Checkers\Player.hpp">
      <Filter>Header Files</Filter>
    </ClInclude>
    <ClInclude Include="..\..\..\..\..\..\..\..\Frank%27s Laptop\Desktop\Programming\School\CS405-Intro-to-AI\CS405Checkers\Checkers\Checkers\RegularMovement.hpp">
      <Filter>Header Files</Filter>
    </ClInclude>
    <ClInclude Include="..\..\..\..\..\..\..\..\Frank%27s Laptop\Desktop\Programming\School\CS405-Intro-to-AI\CS405Checkers\Checkers\Checkers\GameManager.h">
      <Filter>Header Files</Filter>
    </ClInclude>
    <ClInclude Include="..\..\..\..\..\..\..\..\Frank%27s Laptop\Desktop\Programming\School\CS405-Intro-to-AI\CS405Checkers\Checkers\Checkers\TileDisplay.h">
      <Filter>Header Files</Filter>
    </ClInclude>
    <ClInclude Include="..\..\..\..\..\..\..\..\Frank%27s Laptop\Desktop\Programming\School\CS405-Intro-to-AI\CS405Checkers\Checkers\Checkers\Board.hpp">
      <Filter>Header Files</Filter>
    </ClInclude>
    <ClInclude Include="..\..\..\..\..\..\..\..\Frank%27s Laptop\Desktop\Programming\School\CS405-Intro-to-AI\CS405Checkers\Checkers\Checkers\MovementList.hpp">
      <Filter>Header Files</Filter>
    </ClInclude>
    <ClInclude Include="RedMovementList.hpp">
      <Filter>Header Files</Filter>
    </ClInclude>
    <ClInclude Include="BlackMovementList.hpp">
      <Filter>Header Files</Filter>
    </ClInclude>
    <ClInclude Include="KingMovementList.hpp">
      <Filter>Header Files</Filter>
    </ClInclude>
  </ItemGroup>
</Project>